
Microsoft Visual Studio Solution File, Format Version 12.00
# Visual Studio 14
VisualStudioVersion = 14.0.25420.1
MinimumVisualStudioVersion = 10.0.40219.1
Project("{2150E333-8FDC-42A3-9474-1A3956D46DE8}") = "Modules", "Modules", "{4EB1261D-3D5F-4030-AACB-7F756125FE46}"
EndProject
Project("{2150E333-8FDC-42A3-9474-1A3956D46DE8}") = "Deployment", "Deployment", "{AFCB1D08-54F2-44C8-A246-418BE1E21748}"
EndProject
Project("{2150E333-8FDC-42A3-9474-1A3956D46DE8}") = "Applications", "Applications", "{425FE244-820E-4829-BDB3-456D949C8384}"
EndProject
Project("{2150E333-8FDC-42A3-9474-1A3956D46DE8}") = "Core", "Core", "{FDAB8BC2-DFED-4582-AD6E-8EB4D981A148}"
EndProject
Project("{FAE04EC0-301F-11D3-BF4B-00C04F79EFBC}") = "CeyenneNxt.Modules.Deployment", "Deployment\CeyenneNxt.Deployment\CeyenneNxt.Modules.Deployment.csproj", "{00109C21-C2C7-471E-84D4-9D28AAAE948D}"
	ProjectSection(ProjectDependencies) = postProject
		{FA4FE0CC-457C-4632-9315-6205E13B534A} = {FA4FE0CC-457C-4632-9315-6205E13B534A}
		{E078E7FE-1CFC-47FD-9F9D-D630AAEA87C9} = {E078E7FE-1CFC-47FD-9F9D-D630AAEA87C9}
	EndProjectSection
EndProject
Project("{FAE04EC0-301F-11D3-BF4B-00C04F79EFBC}") = "CeyenneNxt.Core", "Core\CeyenneNxt.Core\CeyenneNxt.Core.csproj", "{FA4FE0CC-457C-4632-9315-6205E13B534A}"
EndProject
Project("{2150E333-8FDC-42A3-9474-1A3956D46DE8}") = "_Solution Items", "_Solution Items", "{E8A1FA06-8BEF-4A06-94E1-1F6B627275C5}"
	ProjectSection(SolutionItems) = preProject
		ReadMe.txt = ReadMe.txt
		UpdateNuGetPackages.ps1 = UpdateNuGetPackages.ps1
	EndProjectSection
EndProject
Project("{2150E333-8FDC-42A3-9474-1A3956D46DE8}") = "Config", "Config", "{7464AEA4-AAC6-484F-9250-6E49F2815F59}"
	ProjectSection(SolutionItems) = preProject
		Config\environment.generic.config = Config\environment.generic.config
	EndProjectSection
EndProject
Project("{FAE04EC0-301F-11D3-BF4B-00C04F79EFBC}") = "CeyenneNxt.ModulesUI.Deployment", "Deployment\CeyenneNxt.DeploymentUI\CeyenneNxt.ModulesUI.Deployment.csproj", "{EDC24B40-52F2-4EE1-9D5E-3D3827D4D464}"
	ProjectSection(ProjectDependencies) = postProject
		{00109C21-C2C7-471E-84D4-9D28AAAE948D} = {00109C21-C2C7-471E-84D4-9D28AAAE948D}
	EndProjectSection
EndProject
Project("{2150E333-8FDC-42A3-9474-1A3956D46DE8}") = "CoreModule", "CoreModule", "{42CEBE21-3D2C-40B8-82FA-4B7B8208436D}"
EndProject
Project("{2150E333-8FDC-42A3-9474-1A3956D46DE8}") = "Migrations", "Migrations", "{44C30D64-3F22-48BF-BEB5-090D915C02E3}"
EndProject
Project("{FAE04EC0-301F-11D3-BF4B-00C04F79EFBC}") = "CeyenneNxt.Logging.CoreModule", "CoreModules\CeyenneNxt.Logging.CoreModule\CeyenneNxt.Logging.CoreModule.csproj", "{82FEEC17-453B-4006-A004-E41D4067E630}"
EndProject
Project("{FAE04EC0-301F-11D3-BF4B-00C04F79EFBC}") = "CeyenneNxt.Settings.CoreModule", "CoreModules\CeyenneNxt.Settings.CoreModule\CeyenneNxt.Settings.CoreModule.csproj", "{B87CA911-13E6-4FD3-B300-E7FAA04E7D85}"
EndProject
Project("{2150E333-8FDC-42A3-9474-1A3956D46DE8}") = "Orders", "Orders", "{4B6832C8-CD7D-4691-9DE0-ABBB5BD1793D}"
EndProject
Project("{2150E333-8FDC-42A3-9474-1A3956D46DE8}") = "Products", "Products", "{26E5F7DC-6877-4567-BEB0-C45037E61A52}"
EndProject
Project("{FAE04EC0-301F-11D3-BF4B-00C04F79EFBC}") = "CeyenneNxt.Products.Module", "Modules\Products\CeyenneNxt.Products.Module\CeyenneNxt.Products.Module.csproj", "{E078E7FE-1CFC-47FD-9F9D-D630AAEA87C9}"
EndProject
Project("{FAE04EC0-301F-11D3-BF4B-00C04F79EFBC}") = "CeyenneNxt.Products.Shared", "Modules\Products\CeyenneNxt.Products.Shared\CeyenneNxt.Products.Shared.csproj", "{5B014AFB-288B-4566-9376-6FDB42DECC7E}"
EndProject
Project("{FAE04EC0-301F-11D3-BF4B-00C04F79EFBC}") = "CeyenneNxt.Products.Tests", "Modules\Products\CeyenneNxt.Products.Tests\CeyenneNxt.Products.Tests.csproj", "{B16FC180-1931-4DB0-8488-FB9B97BF18EA}"
EndProject
Project("{FAE04EC0-301F-11D3-BF4B-00C04F79EFBC}") = "CeyenneNxt.Orders.Module", "Modules\Orders\CeyenneNxt.Orders.Module\CeyenneNxt.Orders.Module.csproj", "{3D85D960-FB93-46C6-B9AD-F8F5DF3AB9C7}"
EndProject
Project("{FAE04EC0-301F-11D3-BF4B-00C04F79EFBC}") = "CeyenneNxt.Orders.Shared", "Modules\Orders\CeyenneNxt.Orders.Shared\CeyenneNxt.Orders.Shared.csproj", "{C0E6F59F-8B02-41E0-8FD4-9660D0059B4C}"
EndProject
Project("{FAE04EC0-301F-11D3-BF4B-00C04F79EFBC}") = "CeyenneNxt.ServiceBus.CoreModule", "CoreModules\CeyenneNxt.ServiceBus.CoreModule\CeyenneNxt.ServiceBus.CoreModule.csproj", "{8439CE36-AD65-4F4D-BC22-3629D2B68EC6}"
EndProject
Project("{FAE04EC0-301F-11D3-BF4B-00C04F79EFBC}") = "CeyenneNxt.FileManagement.CoreModule", "CoreModules\CeyenneNxt.FileManagement.CoreModule\CeyenneNxt.FileManagement.CoreModule.csproj", "{9F21C689-FA07-4399-B303-702E93F1AB8E}"
EndProject
Project("{2150E333-8FDC-42A3-9474-1A3956D46DE8}") = "TestData", "TestData", "{F04C6376-44A7-478E-AB05-2377888C2F1A}"
EndProject
Project("{FAE04EC0-301F-11D3-BF4B-00C04F79EFBC}") = "GenerateOrders", "TestData\GenerateOrders\GenerateOrders.csproj", "{FE26762C-1C8E-4019-85C9-7907059FF6CA}"
EndProject
Project("{FAE04EC0-301F-11D3-BF4B-00C04F79EFBC}") = "CeyenneNxt.Application.Process", "Applications\CeyenneNxt.Application.Process\CeyenneNxt.Application.Process.csproj", "{7AB3752A-0780-41BF-8D08-E47E0C5EAC91}"
EndProject
Project("{FAE04EC0-301F-11D3-BF4B-00C04F79EFBC}") = "CeyenneNxt.Application.WebApi", "Applications\CeyenneNxt.Application.WebApi\CeyenneNxt.Application.WebApi.csproj", "{D0DCD189-A6AA-42AB-B58E-08A81DBC636A}"
EndProject
Project("{2150E333-8FDC-42A3-9474-1A3956D46DE8}") = "Solution Items", "Solution Items", "{1A373E0D-B946-4315-9F4C-E76FD87468E7}"
	ProjectSection(SolutionItems) = preProject
		WebEssentials2015-Settings.json = WebEssentials2015-Settings.json
	EndProjectSection
EndProject
Project("{FAE04EC0-301F-11D3-BF4B-00C04F79EFBC}") = "CeyenneNxt.Application.WebUI", "Applications\CeyenneNxt.Application.WebUI\CeyenneNxt.Application.WebUI.csproj", "{F50BD57D-9AEB-4BA6-8FA0-91CDB680CD54}"
EndProject
Global
	GlobalSection(SolutionConfigurationPlatforms) = preSolution
		Debug|Any CPU = Debug|Any CPU
		Release|Any CPU = Release|Any CPU
	EndGlobalSection
	GlobalSection(ProjectConfigurationPlatforms) = postSolution
		{00109C21-C2C7-471E-84D4-9D28AAAE948D}.Debug|Any CPU.ActiveCfg = Debug|Any CPU
		{00109C21-C2C7-471E-84D4-9D28AAAE948D}.Debug|Any CPU.Build.0 = Debug|Any CPU
		{00109C21-C2C7-471E-84D4-9D28AAAE948D}.Release|Any CPU.ActiveCfg = Release|Any CPU
		{00109C21-C2C7-471E-84D4-9D28AAAE948D}.Release|Any CPU.Build.0 = Release|Any CPU
		{FA4FE0CC-457C-4632-9315-6205E13B534A}.Debug|Any CPU.ActiveCfg = Debug|Any CPU
		{FA4FE0CC-457C-4632-9315-6205E13B534A}.Debug|Any CPU.Build.0 = Debug|Any CPU
		{FA4FE0CC-457C-4632-9315-6205E13B534A}.Release|Any CPU.ActiveCfg = Release|Any CPU
		{FA4FE0CC-457C-4632-9315-6205E13B534A}.Release|Any CPU.Build.0 = Release|Any CPU
		{EDC24B40-52F2-4EE1-9D5E-3D3827D4D464}.Debug|Any CPU.ActiveCfg = Debug|Any CPU
		{EDC24B40-52F2-4EE1-9D5E-3D3827D4D464}.Debug|Any CPU.Build.0 = Debug|Any CPU
		{EDC24B40-52F2-4EE1-9D5E-3D3827D4D464}.Release|Any CPU.ActiveCfg = Release|Any CPU
		{EDC24B40-52F2-4EE1-9D5E-3D3827D4D464}.Release|Any CPU.Build.0 = Release|Any CPU
		{82FEEC17-453B-4006-A004-E41D4067E630}.Debug|Any CPU.ActiveCfg = Debug|Any CPU
		{82FEEC17-453B-4006-A004-E41D4067E630}.Debug|Any CPU.Build.0 = Debug|Any CPU
		{82FEEC17-453B-4006-A004-E41D4067E630}.Release|Any CPU.ActiveCfg = Release|Any CPU
		{82FEEC17-453B-4006-A004-E41D4067E630}.Release|Any CPU.Build.0 = Release|Any CPU
		{B87CA911-13E6-4FD3-B300-E7FAA04E7D85}.Debug|Any CPU.ActiveCfg = Debug|Any CPU
		{B87CA911-13E6-4FD3-B300-E7FAA04E7D85}.Debug|Any CPU.Build.0 = Debug|Any CPU
		{B87CA911-13E6-4FD3-B300-E7FAA04E7D85}.Release|Any CPU.ActiveCfg = Release|Any CPU
		{B87CA911-13E6-4FD3-B300-E7FAA04E7D85}.Release|Any CPU.Build.0 = Release|Any CPU
		{E078E7FE-1CFC-47FD-9F9D-D630AAEA87C9}.Debug|Any CPU.ActiveCfg = Debug|Any CPU
		{E078E7FE-1CFC-47FD-9F9D-D630AAEA87C9}.Debug|Any CPU.Build.0 = Debug|Any CPU
		{E078E7FE-1CFC-47FD-9F9D-D630AAEA87C9}.Release|Any CPU.ActiveCfg = Release|Any CPU
		{E078E7FE-1CFC-47FD-9F9D-D630AAEA87C9}.Release|Any CPU.Build.0 = Release|Any CPU
		{5B014AFB-288B-4566-9376-6FDB42DECC7E}.Debug|Any CPU.ActiveCfg = Debug|Any CPU
		{5B014AFB-288B-4566-9376-6FDB42DECC7E}.Debug|Any CPU.Build.0 = Debug|Any CPU
		{5B014AFB-288B-4566-9376-6FDB42DECC7E}.Release|Any CPU.ActiveCfg = Release|Any CPU
		{5B014AFB-288B-4566-9376-6FDB42DECC7E}.Release|Any CPU.Build.0 = Release|Any CPU
		{B16FC180-1931-4DB0-8488-FB9B97BF18EA}.Debug|Any CPU.ActiveCfg = Debug|Any CPU
		{B16FC180-1931-4DB0-8488-FB9B97BF18EA}.Debug|Any CPU.Build.0 = Debug|Any CPU
		{B16FC180-1931-4DB0-8488-FB9B97BF18EA}.Release|Any CPU.ActiveCfg = Release|Any CPU
		{B16FC180-1931-4DB0-8488-FB9B97BF18EA}.Release|Any CPU.Build.0 = Release|Any CPU
		{3D85D960-FB93-46C6-B9AD-F8F5DF3AB9C7}.Debug|Any CPU.ActiveCfg = Debug|Any CPU
		{3D85D960-FB93-46C6-B9AD-F8F5DF3AB9C7}.Debug|Any CPU.Build.0 = Debug|Any CPU
		{3D85D960-FB93-46C6-B9AD-F8F5DF3AB9C7}.Release|Any CPU.ActiveCfg = Release|Any CPU
		{3D85D960-FB93-46C6-B9AD-F8F5DF3AB9C7}.Release|Any CPU.Build.0 = Release|Any CPU
		{C0E6F59F-8B02-41E0-8FD4-9660D0059B4C}.Debug|Any CPU.ActiveCfg = Debug|Any CPU
		{C0E6F59F-8B02-41E0-8FD4-9660D0059B4C}.Debug|Any CPU.Build.0 = Debug|Any CPU
		{C0E6F59F-8B02-41E0-8FD4-9660D0059B4C}.Release|Any CPU.ActiveCfg = Release|Any CPU
		{C0E6F59F-8B02-41E0-8FD4-9660D0059B4C}.Release|Any CPU.Build.0 = Release|Any CPU
		{8439CE36-AD65-4F4D-BC22-3629D2B68EC6}.Debug|Any CPU.ActiveCfg = Debug|Any CPU
		{8439CE36-AD65-4F4D-BC22-3629D2B68EC6}.Debug|Any CPU.Build.0 = Debug|Any CPU
		{8439CE36-AD65-4F4D-BC22-3629D2B68EC6}.Release|Any CPU.ActiveCfg = Release|Any CPU
		{8439CE36-AD65-4F4D-BC22-3629D2B68EC6}.Release|Any CPU.Build.0 = Release|Any CPU
		{9F21C689-FA07-4399-B303-702E93F1AB8E}.Debug|Any CPU.ActiveCfg = Debug|Any CPU
		{9F21C689-FA07-4399-B303-702E93F1AB8E}.Debug|Any CPU.Build.0 = Debug|Any CPU
		{9F21C689-FA07-4399-B303-702E93F1AB8E}.Release|Any CPU.ActiveCfg = Release|Any CPU
		{9F21C689-FA07-4399-B303-702E93F1AB8E}.Release|Any CPU.Build.0 = Release|Any CPU
		{FE26762C-1C8E-4019-85C9-7907059FF6CA}.Debug|Any CPU.ActiveCfg = Debug|Any CPU
		{FE26762C-1C8E-4019-85C9-7907059FF6CA}.Debug|Any CPU.Build.0 = Debug|Any CPU
		{FE26762C-1C8E-4019-85C9-7907059FF6CA}.Release|Any CPU.ActiveCfg = Release|Any CPU
		{FE26762C-1C8E-4019-85C9-7907059FF6CA}.Release|Any CPU.Build.0 = Release|Any CPU
		{7AB3752A-0780-41BF-8D08-E47E0C5EAC91}.Debug|Any CPU.ActiveCfg = Debug|Any CPU
		{7AB3752A-0780-41BF-8D08-E47E0C5EAC91}.Debug|Any CPU.Build.0 = Debug|Any CPU
		{7AB3752A-0780-41BF-8D08-E47E0C5EAC91}.Release|Any CPU.ActiveCfg = Release|Any CPU
		{7AB3752A-0780-41BF-8D08-E47E0C5EAC91}.Release|Any CPU.Build.0 = Release|Any CPU
		{D0DCD189-A6AA-42AB-B58E-08A81DBC636A}.Debug|Any CPU.ActiveCfg = Debug|Any CPU
		{D0DCD189-A6AA-42AB-B58E-08A81DBC636A}.Debug|Any CPU.Build.0 = Debug|Any CPU
		{D0DCD189-A6AA-42AB-B58E-08A81DBC636A}.Release|Any CPU.ActiveCfg = Release|Any CPU
		{D0DCD189-A6AA-42AB-B58E-08A81DBC636A}.Release|Any CPU.Build.0 = Release|Any CPU
		{F50BD57D-9AEB-4BA6-8FA0-91CDB680CD54}.Debug|Any CPU.ActiveCfg = Debug|Any CPU
		{F50BD57D-9AEB-4BA6-8FA0-91CDB680CD54}.Debug|Any CPU.Build.0 = Debug|Any CPU
		{F50BD57D-9AEB-4BA6-8FA0-91CDB680CD54}.Release|Any CPU.ActiveCfg = Release|Any CPU
		{F50BD57D-9AEB-4BA6-8FA0-91CDB680CD54}.Release|Any CPU.Build.0 = Release|Any CPU
	EndGlobalSection
	GlobalSection(SolutionProperties) = preSolution
		HideSolutionNode = FALSE
	EndGlobalSection
	GlobalSection(NestedProjects) = preSolution
		{00109C21-C2C7-471E-84D4-9D28AAAE948D} = {AFCB1D08-54F2-44C8-A246-418BE1E21748}
		{FA4FE0CC-457C-4632-9315-6205E13B534A} = {FDAB8BC2-DFED-4582-AD6E-8EB4D981A148}
		{EDC24B40-52F2-4EE1-9D5E-3D3827D4D464} = {AFCB1D08-54F2-44C8-A246-418BE1E21748}
		{44C30D64-3F22-48BF-BEB5-090D915C02E3} = {AFCB1D08-54F2-44C8-A246-418BE1E21748}
		{82FEEC17-453B-4006-A004-E41D4067E630} = {42CEBE21-3D2C-40B8-82FA-4B7B8208436D}
		{B87CA911-13E6-4FD3-B300-E7FAA04E7D85} = {42CEBE21-3D2C-40B8-82FA-4B7B8208436D}
		{4B6832C8-CD7D-4691-9DE0-ABBB5BD1793D} = {4EB1261D-3D5F-4030-AACB-7F756125FE46}
		{26E5F7DC-6877-4567-BEB0-C45037E61A52} = {4EB1261D-3D5F-4030-AACB-7F756125FE46}
		{E078E7FE-1CFC-47FD-9F9D-D630AAEA87C9} = {26E5F7DC-6877-4567-BEB0-C45037E61A52}
		{5B014AFB-288B-4566-9376-6FDB42DECC7E} = {26E5F7DC-6877-4567-BEB0-C45037E61A52}
		{B16FC180-1931-4DB0-8488-FB9B97BF18EA} = {26E5F7DC-6877-4567-BEB0-C45037E61A52}
		{3D85D960-FB93-46C6-B9AD-F8F5DF3AB9C7} = {4B6832C8-CD7D-4691-9DE0-ABBB5BD1793D}
		{C0E6F59F-8B02-41E0-8FD4-9660D0059B4C} = {4B6832C8-CD7D-4691-9DE0-ABBB5BD1793D}
		{8439CE36-AD65-4F4D-BC22-3629D2B68EC6} = {42CEBE21-3D2C-40B8-82FA-4B7B8208436D}
		{9F21C689-FA07-4399-B303-702E93F1AB8E} = {42CEBE21-3D2C-40B8-82FA-4B7B8208436D}
		{FE26762C-1C8E-4019-85C9-7907059FF6CA} = {F04C6376-44A7-478E-AB05-2377888C2F1A}
		{7AB3752A-0780-41BF-8D08-E47E0C5EAC91} = {425FE244-820E-4829-BDB3-456D949C8384}
		{D0DCD189-A6AA-42AB-B58E-08A81DBC636A} = {425FE244-820E-4829-BDB3-456D949C8384}
		{F50BD57D-9AEB-4BA6-8FA0-91CDB680CD54} = {425FE244-820E-4829-BDB3-456D949C8384}
	EndGlobalSection
EndGlobal
