
Microsoft Visual Studio Solution File, Format Version 12.00
# Visual Studio 14
VisualStudioVersion = 14.0.25420.1
MinimumVisualStudioVersion = 10.0.40219.1
Project("{2150E333-8FDC-42A3-9474-1A3956D46DE8}") = "Modules", "Modules", "{4EB1261D-3D5F-4030-AACB-7F756125FE46}"
EndProject
Project("{2150E333-8FDC-42A3-9474-1A3956D46DE8}") = "Deployment", "Deployment", "{AFCB1D08-54F2-44C8-A246-418BE1E21748}"
EndProject
Project("{2150E333-8FDC-42A3-9474-1A3956D46DE8}") = "Applications", "Applications", "{425FE244-820E-4829-BDB3-456D949C8384}"
EndProject
Project("{2150E333-8FDC-42A3-9474-1A3956D46DE8}") = "Core", "Core", "{FDAB8BC2-DFED-4582-AD6E-8EB4D981A148}"
EndProject
Project("{FAE04EC0-301F-11D3-BF4B-00C04F79EFBC}") = "CeyenneNxt.Deployment", "Deployment\CeyenneNxt.Deployment\CeyenneNxt.Deployment.csproj", "{00109C21-C2C7-471E-84D4-9D28AAAE948D}"
EndProject
Project("{FAE04EC0-301F-11D3-BF4B-00C04F79EFBC}") = "CeyenneNxt.Core", "Core\CeyenneNxt.Core\CeyenneNxt.Core.csproj", "{FA4FE0CC-457C-4632-9315-6205E13B534A}"
EndProject
Project("{FAE04EC0-301F-11D3-BF4B-00C04F79EFBC}") = "CeyenneNxt.Process.Application", "Applications\CeyenneNxtProcessApplication\CeyenneNxt.Process.Application.csproj", "{7AB3752A-0780-41BF-8D08-E47E0C5EAC91}"
EndProject
Project("{2150E333-8FDC-42A3-9474-1A3956D46DE8}") = "_Solution Items", "_Solution Items", "{E8A1FA06-8BEF-4A06-94E1-1F6B627275C5}"
	ProjectSection(SolutionItems) = preProject
		ReadMe.txt = ReadMe.txt
		UpdateNuGetPackages.ps1 = UpdateNuGetPackages.ps1
	EndProjectSection
EndProject
Project("{2150E333-8FDC-42A3-9474-1A3956D46DE8}") = "Config", "Config", "{7464AEA4-AAC6-484F-9250-6E49F2815F59}"
	ProjectSection(SolutionItems) = preProject
		Config\environment.generic.config = Config\environment.generic.config
	EndProjectSection
EndProject
Project("{FAE04EC0-301F-11D3-BF4B-00C04F79EFBC}") = "CeyenneNxt.Web.WebApi", "Web\CeyenneNxt.Web.WebApi\CeyenneNxt.Web.WebApi.csproj", "{C36D683C-E3C6-414D-950F-2DDB65CCCFE9}"
EndProject
Project("{FAE04EC0-301F-11D3-BF4B-00C04F79EFBC}") = "CeyenneNxt.Web.WebUI", "Web\CeyenneNxt.Web.WebUI\CeyenneNxt.Web.WebUI.csproj", "{26C07B9E-403C-40FE-9326-F51601A5DE5F}"
EndProject
Project("{FAE04EC0-301F-11D3-BF4B-00C04F79EFBC}") = "CeyenneNxt.DeploymentUI", "Deployment\CeyenneNxt.DeploymentUI\CeyenneNxt.DeploymentUI.csproj", "{EDC24B40-52F2-4EE1-9D5E-3D3827D4D464}"
EndProject
Project("{2150E333-8FDC-42A3-9474-1A3956D46DE8}") = "Processes", "Processes", "{F8EAAAA8-E97E-4E51-8E1F-847FFE265EFA}"
EndProject
Project("{FAE04EC0-301F-11D3-BF4B-00C04F79EFBC}") = "CeyenneNxt.Products.Shared", "Modules\CeyenneNxt.Products.Shared\CeyenneNxt.Products.Shared.csproj", "{5B014AFB-288B-4566-9376-6FDB42DECC7E}"
EndProject
Project("{FAE04EC0-301F-11D3-BF4B-00C04F79EFBC}") = "CeyenneNxt.Products.Module", "Modules\CeyenneNxt.Products.Module\CeyenneNxt.Products.Module.csproj", "{E078E7FE-1CFC-47FD-9F9D-D630AAEA87C9}"
EndProject
Project("{FAE04EC0-301F-11D3-BF4B-00C04F79EFBC}") = "CeyenneNxt.Process.Product", "Processes\CeyenneNxt.Process.ProductSubscriber\CeyenneNxt.Process.Product.csproj", "{F0C1EFAF-CC17-488D-8168-3AF048A471CD}"
EndProject
Project("{2150E333-8FDC-42A3-9474-1A3956D46DE8}") = "CoreModule", "CoreModule", "{42CEBE21-3D2C-40B8-82FA-4B7B8208436D}"
EndProject
Project("{FAE04EC0-301F-11D3-BF4B-00C04F79EFBC}") = "CeyenneNxt.Settings.CoreModule", "SubModules\CeyenneNxt.Settings.SubModule\CeyenneNxt.Settings.CoreModule.csproj", "{B87CA911-13E6-4FD3-B300-E7FAA04E7D85}"
EndProject
Project("{FAE04EC0-301F-11D3-BF4B-00C04F79EFBC}") = "CeyenneNxt.Logging.CoreModule", "SubModules\CeyenneNxt.Logging.SubModule\CeyenneNxt.Logging.CoreModule.csproj", "{82FEEC17-453B-4006-A004-E41D4067E630}"
EndProject
Project("{FAE04EC0-301F-11D3-BF4B-00C04F79EFBC}") = "CeyenneNxt.Products.Tests", "Modules\CeyenneNxt.Products.Tests\CeyenneNxt.Products.Tests.csproj", "{B16FC180-1931-4DB0-8488-FB9B97BF18EA}"
EndProject
Project("{2150E333-8FDC-42A3-9474-1A3956D46DE8}") = "Migrations", "Migrations", "{44C30D64-3F22-48BF-BEB5-090D915C02E3}"
EndProject
Global
	GlobalSection(SolutionConfigurationPlatforms) = preSolution
		Debug|Any CPU = Debug|Any CPU
		Release|Any CPU = Release|Any CPU
	EndGlobalSection
	GlobalSection(ProjectConfigurationPlatforms) = postSolution
		{00109C21-C2C7-471E-84D4-9D28AAAE948D}.Debug|Any CPU.ActiveCfg = Debug|Any CPU
		{00109C21-C2C7-471E-84D4-9D28AAAE948D}.Debug|Any CPU.Build.0 = Debug|Any CPU
		{00109C21-C2C7-471E-84D4-9D28AAAE948D}.Release|Any CPU.ActiveCfg = Release|Any CPU
		{00109C21-C2C7-471E-84D4-9D28AAAE948D}.Release|Any CPU.Build.0 = Release|Any CPU
		{FA4FE0CC-457C-4632-9315-6205E13B534A}.Debug|Any CPU.ActiveCfg = Debug|Any CPU
		{FA4FE0CC-457C-4632-9315-6205E13B534A}.Debug|Any CPU.Build.0 = Debug|Any CPU
		{FA4FE0CC-457C-4632-9315-6205E13B534A}.Release|Any CPU.ActiveCfg = Release|Any CPU
		{FA4FE0CC-457C-4632-9315-6205E13B534A}.Release|Any CPU.Build.0 = Release|Any CPU
		{7AB3752A-0780-41BF-8D08-E47E0C5EAC91}.Debug|Any CPU.ActiveCfg = Debug|Any CPU
		{7AB3752A-0780-41BF-8D08-E47E0C5EAC91}.Debug|Any CPU.Build.0 = Debug|Any CPU
		{7AB3752A-0780-41BF-8D08-E47E0C5EAC91}.Release|Any CPU.ActiveCfg = Release|Any CPU
		{7AB3752A-0780-41BF-8D08-E47E0C5EAC91}.Release|Any CPU.Build.0 = Release|Any CPU
		{C36D683C-E3C6-414D-950F-2DDB65CCCFE9}.Debug|Any CPU.ActiveCfg = Debug|Any CPU
		{C36D683C-E3C6-414D-950F-2DDB65CCCFE9}.Debug|Any CPU.Build.0 = Debug|Any CPU
		{C36D683C-E3C6-414D-950F-2DDB65CCCFE9}.Release|Any CPU.ActiveCfg = Release|Any CPU
		{C36D683C-E3C6-414D-950F-2DDB65CCCFE9}.Release|Any CPU.Build.0 = Release|Any CPU
		{26C07B9E-403C-40FE-9326-F51601A5DE5F}.Debug|Any CPU.ActiveCfg = Debug|Any CPU
		{26C07B9E-403C-40FE-9326-F51601A5DE5F}.Debug|Any CPU.Build.0 = Debug|Any CPU
		{26C07B9E-403C-40FE-9326-F51601A5DE5F}.Release|Any CPU.ActiveCfg = Release|Any CPU
		{26C07B9E-403C-40FE-9326-F51601A5DE5F}.Release|Any CPU.Build.0 = Release|Any CPU
		{EDC24B40-52F2-4EE1-9D5E-3D3827D4D464}.Debug|Any CPU.ActiveCfg = Debug|Any CPU
		{EDC24B40-52F2-4EE1-9D5E-3D3827D4D464}.Debug|Any CPU.Build.0 = Debug|Any CPU
		{EDC24B40-52F2-4EE1-9D5E-3D3827D4D464}.Release|Any CPU.ActiveCfg = Release|Any CPU
		{EDC24B40-52F2-4EE1-9D5E-3D3827D4D464}.Release|Any CPU.Build.0 = Release|Any CPU
		{5B014AFB-288B-4566-9376-6FDB42DECC7E}.Debug|Any CPU.ActiveCfg = Debug|Any CPU
		{5B014AFB-288B-4566-9376-6FDB42DECC7E}.Debug|Any CPU.Build.0 = Debug|Any CPU
		{5B014AFB-288B-4566-9376-6FDB42DECC7E}.Release|Any CPU.ActiveCfg = Release|Any CPU
		{5B014AFB-288B-4566-9376-6FDB42DECC7E}.Release|Any CPU.Build.0 = Release|Any CPU
		{E078E7FE-1CFC-47FD-9F9D-D630AAEA87C9}.Debug|Any CPU.ActiveCfg = Debug|Any CPU
		{E078E7FE-1CFC-47FD-9F9D-D630AAEA87C9}.Debug|Any CPU.Build.0 = Debug|Any CPU
		{E078E7FE-1CFC-47FD-9F9D-D630AAEA87C9}.Release|Any CPU.ActiveCfg = Release|Any CPU
		{E078E7FE-1CFC-47FD-9F9D-D630AAEA87C9}.Release|Any CPU.Build.0 = Release|Any CPU
		{F0C1EFAF-CC17-488D-8168-3AF048A471CD}.Debug|Any CPU.ActiveCfg = Debug|Any CPU
		{F0C1EFAF-CC17-488D-8168-3AF048A471CD}.Debug|Any CPU.Build.0 = Debug|Any CPU
		{F0C1EFAF-CC17-488D-8168-3AF048A471CD}.Release|Any CPU.ActiveCfg = Release|Any CPU
		{F0C1EFAF-CC17-488D-8168-3AF048A471CD}.Release|Any CPU.Build.0 = Release|Any CPU
		{B87CA911-13E6-4FD3-B300-E7FAA04E7D85}.Debug|Any CPU.ActiveCfg = Debug|Any CPU
		{B87CA911-13E6-4FD3-B300-E7FAA04E7D85}.Debug|Any CPU.Build.0 = Debug|Any CPU
		{B87CA911-13E6-4FD3-B300-E7FAA04E7D85}.Release|Any CPU.ActiveCfg = Release|Any CPU
		{B87CA911-13E6-4FD3-B300-E7FAA04E7D85}.Release|Any CPU.Build.0 = Release|Any CPU
		{82FEEC17-453B-4006-A004-E41D4067E630}.Debug|Any CPU.ActiveCfg = Debug|Any CPU
		{82FEEC17-453B-4006-A004-E41D4067E630}.Debug|Any CPU.Build.0 = Debug|Any CPU
		{82FEEC17-453B-4006-A004-E41D4067E630}.Release|Any CPU.ActiveCfg = Release|Any CPU
		{82FEEC17-453B-4006-A004-E41D4067E630}.Release|Any CPU.Build.0 = Release|Any CPU
		{B16FC180-1931-4DB0-8488-FB9B97BF18EA}.Debug|Any CPU.ActiveCfg = Debug|Any CPU
		{B16FC180-1931-4DB0-8488-FB9B97BF18EA}.Debug|Any CPU.Build.0 = Debug|Any CPU
		{B16FC180-1931-4DB0-8488-FB9B97BF18EA}.Release|Any CPU.ActiveCfg = Release|Any CPU
		{B16FC180-1931-4DB0-8488-FB9B97BF18EA}.Release|Any CPU.Build.0 = Release|Any CPU
	EndGlobalSection
	GlobalSection(SolutionProperties) = preSolution
		HideSolutionNode = FALSE
	EndGlobalSection
	GlobalSection(NestedProjects) = preSolution
		{00109C21-C2C7-471E-84D4-9D28AAAE948D} = {AFCB1D08-54F2-44C8-A246-418BE1E21748}
		{FA4FE0CC-457C-4632-9315-6205E13B534A} = {FDAB8BC2-DFED-4582-AD6E-8EB4D981A148}
		{7AB3752A-0780-41BF-8D08-E47E0C5EAC91} = {425FE244-820E-4829-BDB3-456D949C8384}
		{C36D683C-E3C6-414D-950F-2DDB65CCCFE9} = {425FE244-820E-4829-BDB3-456D949C8384}
		{26C07B9E-403C-40FE-9326-F51601A5DE5F} = {425FE244-820E-4829-BDB3-456D949C8384}
		{EDC24B40-52F2-4EE1-9D5E-3D3827D4D464} = {AFCB1D08-54F2-44C8-A246-418BE1E21748}
		{5B014AFB-288B-4566-9376-6FDB42DECC7E} = {4EB1261D-3D5F-4030-AACB-7F756125FE46}
		{E078E7FE-1CFC-47FD-9F9D-D630AAEA87C9} = {4EB1261D-3D5F-4030-AACB-7F756125FE46}
		{F0C1EFAF-CC17-488D-8168-3AF048A471CD} = {F8EAAAA8-E97E-4E51-8E1F-847FFE265EFA}
		{B87CA911-13E6-4FD3-B300-E7FAA04E7D85} = {42CEBE21-3D2C-40B8-82FA-4B7B8208436D}
		{82FEEC17-453B-4006-A004-E41D4067E630} = {42CEBE21-3D2C-40B8-82FA-4B7B8208436D}
		{B16FC180-1931-4DB0-8488-FB9B97BF18EA} = {4EB1261D-3D5F-4030-AACB-7F756125FE46}
		{44C30D64-3F22-48BF-BEB5-090D915C02E3} = {AFCB1D08-54F2-44C8-A246-418BE1E21748}
	EndGlobalSection
EndGlobal
